// !$*UTF8*$!
{
	archiveVersion = 1;
	classes = {
	};
	objectVersion = 55;
	objects = {

/* Begin PBXBuildFile section */
		0FC524E728C3737C00AA9169 /* KartlisCkhovrebaApp.swift in Sources */ = {isa = PBXBuildFile; fileRef = 0FC524E628C3737C00AA9169 /* KartlisCkhovrebaApp.swift */; };
		0FC524EB28C3737E00AA9169 /* Assets.xcassets in Resources */ = {isa = PBXBuildFile; fileRef = 0FC524EA28C3737E00AA9169 /* Assets.xcassets */; };
		0FC524EE28C3737E00AA9169 /* Preview Assets.xcassets in Resources */ = {isa = PBXBuildFile; fileRef = 0FC524ED28C3737E00AA9169 /* Preview Assets.xcassets */; };
		0FC524F628C3751D00AA9169 /* FirebaseAnalytics in Frameworks */ = {isa = PBXBuildFile; productRef = 0FC524F528C3751D00AA9169 /* FirebaseAnalytics */; };
		0FC524F828C3751D00AA9169 /* FirebaseFirestore in Frameworks */ = {isa = PBXBuildFile; productRef = 0FC524F728C3751D00AA9169 /* FirebaseFirestore */; };
		0FC524FA28C3751D00AA9169 /* FirebaseFirestoreSwift in Frameworks */ = {isa = PBXBuildFile; productRef = 0FC524F928C3751D00AA9169 /* FirebaseFirestoreSwift */; };
		0FC524FC28C3773900AA9169 /* GoogleService-Info.plist in Resources */ = {isa = PBXBuildFile; fileRef = 0FC524FB28C3773800AA9169 /* GoogleService-Info.plist */; };
		0FC5250128C37E5F00AA9169 /* Posts.swift in Sources */ = {isa = PBXBuildFile; fileRef = 0FC5250028C37E5F00AA9169 /* Posts.swift */; };
		0FC5250328C3838A00AA9169 /* PostsList.swift in Sources */ = {isa = PBXBuildFile; fileRef = 0FC5250228C3838900AA9169 /* PostsList.swift */; };
		0FC5250528C3857900AA9169 /* PostsRow.swift in Sources */ = {isa = PBXBuildFile; fileRef = 0FC5250428C3857900AA9169 /* PostsRow.swift */; };
		0FC5250728C3D44E00AA9169 /* NewPostForm.swift in Sources */ = {isa = PBXBuildFile; fileRef = 0FC5250628C3D44E00AA9169 /* NewPostForm.swift */; };
		0FC5250A28C3DB5B00AA9169 /* PostsViewModel.swift in Sources */ = {isa = PBXBuildFile; fileRef = 0FC5250928C3DB5B00AA9169 /* PostsViewModel.swift */; };
		0FC5250D28C3DF8300AA9169 /* PostsRepository.swift in Sources */ = {isa = PBXBuildFile; fileRef = 0FC5250C28C3DF8300AA9169 /* PostsRepository.swift */; };
		0FC5251028C40EF500AA9169 /* Loadable.swift in Sources */ = {isa = PBXBuildFile; fileRef = 0FC5250F28C40EF500AA9169 /* Loadable.swift */; };
		0FC5251528C4138600AA9169 /* EmptyListView.swift in Sources */ = {isa = PBXBuildFile; fileRef = 0FC5251428C4138600AA9169 /* EmptyListView.swift */; };
		0FC5251828C518CD00AA9169 /* Alert+Error.swift in Sources */ = {isa = PBXBuildFile; fileRef = 0FC5251728C518CC00AA9169 /* Alert+Error.swift */; };
		0FC5251A28C538BB00AA9169 /* PostRowViewModel.swift in Sources */ = {isa = PBXBuildFile; fileRef = 0FC5251928C538BB00AA9169 /* PostRowViewModel.swift */; };
/* End PBXBuildFile section */

/* Begin PBXFileReference section */
		0FC524E328C3737C00AA9169 /* KartlisCkhovreba.app */ = {isa = PBXFileReference; explicitFileType = wrapper.application; includeInIndex = 0; path = KartlisCkhovreba.app; sourceTree = BUILT_PRODUCTS_DIR; };
		0FC524E628C3737C00AA9169 /* KartlisCkhovrebaApp.swift */ = {isa = PBXFileReference; lastKnownFileType = sourcecode.swift; path = KartlisCkhovrebaApp.swift; sourceTree = "<group>"; };
		0FC524EA28C3737E00AA9169 /* Assets.xcassets */ = {isa = PBXFileReference; lastKnownFileType = folder.assetcatalog; path = Assets.xcassets; sourceTree = "<group>"; };
		0FC524ED28C3737E00AA9169 /* Preview Assets.xcassets */ = {isa = PBXFileReference; lastKnownFileType = folder.assetcatalog; path = "Preview Assets.xcassets"; sourceTree = "<group>"; };
		0FC524FB28C3773800AA9169 /* GoogleService-Info.plist */ = {isa = PBXFileReference; fileEncoding = 4; lastKnownFileType = text.plist.xml; path = "GoogleService-Info.plist"; sourceTree = "<group>"; };
		0FC5250028C37E5F00AA9169 /* Posts.swift */ = {isa = PBXFileReference; lastKnownFileType = sourcecode.swift; path = Posts.swift; sourceTree = "<group>"; };
		0FC5250228C3838900AA9169 /* PostsList.swift */ = {isa = PBXFileReference; lastKnownFileType = sourcecode.swift; path = PostsList.swift; sourceTree = "<group>"; };
		0FC5250428C3857900AA9169 /* PostsRow.swift */ = {isa = PBXFileReference; lastKnownFileType = sourcecode.swift; path = PostsRow.swift; sourceTree = "<group>"; };
		0FC5250628C3D44E00AA9169 /* NewPostForm.swift */ = {isa = PBXFileReference; lastKnownFileType = sourcecode.swift; path = NewPostForm.swift; sourceTree = "<group>"; };
		0FC5250928C3DB5B00AA9169 /* PostsViewModel.swift */ = {isa = PBXFileReference; lastKnownFileType = sourcecode.swift; path = PostsViewModel.swift; sourceTree = "<group>"; };
		0FC5250C28C3DF8300AA9169 /* PostsRepository.swift */ = {isa = PBXFileReference; lastKnownFileType = sourcecode.swift; path = PostsRepository.swift; sourceTree = "<group>"; };
		0FC5250F28C40EF500AA9169 /* Loadable.swift */ = {isa = PBXFileReference; lastKnownFileType = sourcecode.swift; path = Loadable.swift; sourceTree = "<group>"; };
		0FC5251428C4138600AA9169 /* EmptyListView.swift */ = {isa = PBXFileReference; lastKnownFileType = sourcecode.swift; path = EmptyListView.swift; sourceTree = "<group>"; };
		0FC5251728C518CC00AA9169 /* Alert+Error.swift */ = {isa = PBXFileReference; lastKnownFileType = sourcecode.swift; path = "Alert+Error.swift"; sourceTree = "<group>"; };
		0FC5251928C538BB00AA9169 /* PostRowViewModel.swift */ = {isa = PBXFileReference; lastKnownFileType = sourcecode.swift; path = PostRowViewModel.swift; sourceTree = "<group>"; };
/* End PBXFileReference section */

/* Begin PBXFrameworksBuildPhase section */
		0FC524E028C3737C00AA9169 /* Frameworks */ = {
			isa = PBXFrameworksBuildPhase;
			buildActionMask = 2147483647;
			files = (
				0FC524F628C3751D00AA9169 /* FirebaseAnalytics in Frameworks */,
				0FC524F828C3751D00AA9169 /* FirebaseFirestore in Frameworks */,
				0FC524FA28C3751D00AA9169 /* FirebaseFirestoreSwift in Frameworks */,
			);
			runOnlyForDeploymentPostprocessing = 0;
		};
/* End PBXFrameworksBuildPhase section */

/* Begin PBXGroup section */
		0FC524DA28C3737C00AA9169 = {
			isa = PBXGroup;
			children = (
				0FC524E528C3737C00AA9169 /* KartlisCkhovreba */,
				0FC524E428C3737C00AA9169 /* Products */,
			);
			sourceTree = "<group>";
		};
		0FC524E428C3737C00AA9169 /* Products */ = {
			isa = PBXGroup;
			children = (
				0FC524E328C3737C00AA9169 /* KartlisCkhovreba.app */,
			);
			name = Products;
			sourceTree = "<group>";
		};
		0FC524E528C3737C00AA9169 /* KartlisCkhovreba */ = {
			isa = PBXGroup;
			children = (
				0FC524E628C3737C00AA9169 /* KartlisCkhovrebaApp.swift */,
				0FC5251128C4133C00AA9169 /* SupportingViews */,
				0FC5250E28C40ED700AA9169 /* Utilities */,
				0FC5250B28C3DF5000AA9169 /* Repositories */,
				0FC5250828C3DB2000AA9169 /* ViewModels */,
				0FC524FF28C37E3900AA9169 /* Models */,
				0FC524FE28C37C8100AA9169 /* Resources */,
				0FC524FD28C37C5D00AA9169 /* Views */,
				0FC524EA28C3737E00AA9169 /* Assets.xcassets */,
				0FC524EC28C3737E00AA9169 /* Preview Content */,
			);
			path = KartlisCkhovreba;
			sourceTree = "<group>";
		};
		0FC524EC28C3737E00AA9169 /* Preview Content */ = {
			isa = PBXGroup;
			children = (
				0FC524ED28C3737E00AA9169 /* Preview Assets.xcassets */,
			);
			path = "Preview Content";
			sourceTree = "<group>";
		};
		0FC524FD28C37C5D00AA9169 /* Views */ = {
			isa = PBXGroup;
			children = (
				0FC5250228C3838900AA9169 /* PostsList.swift */,
				0FC5250628C3D44E00AA9169 /* NewPostForm.swift */,
				0FC5250428C3857900AA9169 /* PostsRow.swift */,
			);
			path = Views;
			sourceTree = "<group>";
		};
		0FC524FE28C37C8100AA9169 /* Resources */ = {
			isa = PBXGroup;
			children = (
				0FC524FB28C3773800AA9169 /* GoogleService-Info.plist */,
			);
			path = Resources;
			sourceTree = "<group>";
		};
		0FC524FF28C37E3900AA9169 /* Models */ = {
			isa = PBXGroup;
			children = (
				0FC5250028C37E5F00AA9169 /* Posts.swift */,
			);
			path = Models;
			sourceTree = "<group>";
		};
		0FC5250828C3DB2000AA9169 /* ViewModels */ = {
			isa = PBXGroup;
			children = (
				0FC5250928C3DB5B00AA9169 /* PostsViewModel.swift */,
				0FC5251928C538BB00AA9169 /* PostRowViewModel.swift */,
			);
			path = ViewModels;
			sourceTree = "<group>";
		};
		0FC5250B28C3DF5000AA9169 /* Repositories */ = {
			isa = PBXGroup;
			children = (
				0FC5250C28C3DF8300AA9169 /* PostsRepository.swift */,
			);
			path = Repositories;
			sourceTree = "<group>";
		};
		0FC5250E28C40ED700AA9169 /* Utilities */ = {
			isa = PBXGroup;
			children = (
				0FC5250F28C40EF500AA9169 /* Loadable.swift */,
			);
			path = Utilities;
			sourceTree = "<group>";
		};
		0FC5251128C4133C00AA9169 /* SupportingViews */ = {
			isa = PBXGroup;
			children = (
				0FC5251428C4138600AA9169 /* EmptyListView.swift */,
				0FC5251728C518CC00AA9169 /* Alert+Error.swift */,
			);
			path = SupportingViews;
			sourceTree = "<group>";
		};
/* End PBXGroup section */

/* Begin PBXNativeTarget section */
		0FC524E228C3737C00AA9169 /* KartlisCkhovreba */ = {
			isa = PBXNativeTarget;
			buildConfigurationList = 0FC524F128C3737E00AA9169 /* Build configuration list for PBXNativeTarget "KartlisCkhovreba" */;
			buildPhases = (
				0FC524DF28C3737C00AA9169 /* Sources */,
				0FC524E028C3737C00AA9169 /* Frameworks */,
				0FC524E128C3737C00AA9169 /* Resources */,
			);
			buildRules = (
			);
			dependencies = (
			);
			name = KartlisCkhovreba;
			packageProductDependencies = (
				0FC524F528C3751D00AA9169 /* FirebaseAnalytics */,
				0FC524F728C3751D00AA9169 /* FirebaseFirestore */,
				0FC524F928C3751D00AA9169 /* FirebaseFirestoreSwift */,
			);
			productName = KartlisCkhovreba;
			productReference = 0FC524E328C3737C00AA9169 /* KartlisCkhovreba.app */;
			productType = "com.apple.product-type.application";
		};
/* End PBXNativeTarget section */

/* Begin PBXProject section */
		0FC524DB28C3737C00AA9169 /* Project object */ = {
			isa = PBXProject;
			attributes = {
				BuildIndependentTargetsInParallel = 1;
				LastSwiftUpdateCheck = 1340;
				LastUpgradeCheck = 1340;
				TargetAttributes = {
					0FC524E228C3737C00AA9169 = {
						CreatedOnToolsVersion = 13.4.1;
					};
				};
			};
			buildConfigurationList = 0FC524DE28C3737C00AA9169 /* Build configuration list for PBXProject "KartlisCkhovreba" */;
			compatibilityVersion = "Xcode 13.0";
			developmentRegion = en;
			hasScannedForEncodings = 0;
			knownRegions = (
				en,
				Base,
			);
			mainGroup = 0FC524DA28C3737C00AA9169;
			packageReferences = (
				0FC524F428C3751C00AA9169 /* XCRemoteSwiftPackageReference "firebase-ios-sdk" */,
			);
			productRefGroup = 0FC524E428C3737C00AA9169 /* Products */;
			projectDirPath = "";
			projectRoot = "";
			targets = (
				0FC524E228C3737C00AA9169 /* KartlisCkhovreba */,
			);
		};
/* End PBXProject section */

/* Begin PBXResourcesBuildPhase section */
		0FC524E128C3737C00AA9169 /* Resources */ = {
			isa = PBXResourcesBuildPhase;
			buildActionMask = 2147483647;
			files = (
				0FC524EE28C3737E00AA9169 /* Preview Assets.xcassets in Resources */,
				0FC524FC28C3773900AA9169 /* GoogleService-Info.plist in Resources */,
				0FC524EB28C3737E00AA9169 /* Assets.xcassets in Resources */,
			);
			runOnlyForDeploymentPostprocessing = 0;
		};
/* End PBXResourcesBuildPhase section */

/* Begin PBXSourcesBuildPhase section */
		0FC524DF28C3737C00AA9169 /* Sources */ = {
			isa = PBXSourcesBuildPhase;
			buildActionMask = 2147483647;
			files = (
				0FC5251A28C538BB00AA9169 /* PostRowViewModel.swift in Sources */,
				0FC5250128C37E5F00AA9169 /* Posts.swift in Sources */,
				0FC524E728C3737C00AA9169 /* KartlisCkhovrebaApp.swift in Sources */,
				0FC5250D28C3DF8300AA9169 /* PostsRepository.swift in Sources */,
				0FC5250A28C3DB5B00AA9169 /* PostsViewModel.swift in Sources */,
				0FC5250528C3857900AA9169 /* PostsRow.swift in Sources */,
				0FC5251028C40EF500AA9169 /* Loadable.swift in Sources */,
				0FC5250328C3838A00AA9169 /* PostsList.swift in Sources */,
				0FC5251828C518CD00AA9169 /* Alert+Error.swift in Sources */,
				0FC5250728C3D44E00AA9169 /* NewPostForm.swift in Sources */,
				0FC5251528C4138600AA9169 /* EmptyListView.swift in Sources */,
			);
			runOnlyForDeploymentPostprocessing = 0;
		};
/* End PBXSourcesBuildPhase section */

/* Begin XCBuildConfiguration section */
		0FC524EF28C3737E00AA9169 /* Debug */ = {
			isa = XCBuildConfiguration;
			buildSettings = {
				ALWAYS_SEARCH_USER_PATHS = NO;
				CLANG_ANALYZER_NONNULL = YES;
				CLANG_ANALYZER_NUMBER_OBJECT_CONVERSION = YES_AGGRESSIVE;
				CLANG_CXX_LANGUAGE_STANDARD = "gnu++17";
				CLANG_ENABLE_MODULES = YES;
				CLANG_ENABLE_OBJC_ARC = YES;
				CLANG_ENABLE_OBJC_WEAK = YES;
				CLANG_WARN_BLOCK_CAPTURE_AUTORELEASING = YES;
				CLANG_WARN_BOOL_CONVERSION = YES;
				CLANG_WARN_COMMA = YES;
				CLANG_WARN_CONSTANT_CONVERSION = YES;
				CLANG_WARN_DEPRECATED_OBJC_IMPLEMENTATIONS = YES;
				CLANG_WARN_DIRECT_OBJC_ISA_USAGE = YES_ERROR;
				CLANG_WARN_DOCUMENTATION_COMMENTS = YES;
				CLANG_WARN_EMPTY_BODY = YES;
				CLANG_WARN_ENUM_CONVERSION = YES;
				CLANG_WARN_INFINITE_RECURSION = YES;
				CLANG_WARN_INT_CONVERSION = YES;
				CLANG_WARN_NON_LITERAL_NULL_CONVERSION = YES;
				CLANG_WARN_OBJC_IMPLICIT_RETAIN_SELF = YES;
				CLANG_WARN_OBJC_LITERAL_CONVERSION = YES;
				CLANG_WARN_OBJC_ROOT_CLASS = YES_ERROR;
				CLANG_WARN_QUOTED_INCLUDE_IN_FRAMEWORK_HEADER = YES;
				CLANG_WARN_RANGE_LOOP_ANALYSIS = YES;
				CLANG_WARN_STRICT_PROTOTYPES = YES;
				CLANG_WARN_SUSPICIOUS_MOVE = YES;
				CLANG_WARN_UNGUARDED_AVAILABILITY = YES_AGGRESSIVE;
				CLANG_WARN_UNREACHABLE_CODE = YES;
				CLANG_WARN__DUPLICATE_METHOD_MATCH = YES;
				COPY_PHASE_STRIP = NO;
				DEBUG_INFORMATION_FORMAT = dwarf;
				ENABLE_STRICT_OBJC_MSGSEND = YES;
				ENABLE_TESTABILITY = YES;
				GCC_C_LANGUAGE_STANDARD = gnu11;
				GCC_DYNAMIC_NO_PIC = NO;
				GCC_NO_COMMON_BLOCKS = YES;
				GCC_OPTIMIZATION_LEVEL = 0;
				GCC_PREPROCESSOR_DEFINITIONS = (
					"DEBUG=1",
					"$(inherited)",
				);
				GCC_WARN_64_TO_32_BIT_CONVERSION = YES;
				GCC_WARN_ABOUT_RETURN_TYPE = YES_ERROR;
				GCC_WARN_UNDECLARED_SELECTOR = YES;
				GCC_WARN_UNINITIALIZED_AUTOS = YES_AGGRESSIVE;
				GCC_WARN_UNUSED_FUNCTION = YES;
				GCC_WARN_UNUSED_VARIABLE = YES;
				IPHONEOS_DEPLOYMENT_TARGET = 15.5;
				MTL_ENABLE_DEBUG_INFO = INCLUDE_SOURCE;
				MTL_FAST_MATH = YES;
				ONLY_ACTIVE_ARCH = YES;
				SDKROOT = iphoneos;
				SWIFT_ACTIVE_COMPILATION_CONDITIONS = DEBUG;
				SWIFT_OPTIMIZATION_LEVEL = "-Onone";
			};
			name = Debug;
		};
		0FC524F028C3737E00AA9169 /* Release */ = {
			isa = XCBuildConfiguration;
			buildSettings = {
				ALWAYS_SEARCH_USER_PATHS = NO;
				CLANG_ANALYZER_NONNULL = YES;
				CLANG_ANALYZER_NUMBER_OBJECT_CONVERSION = YES_AGGRESSIVE;
				CLANG_CXX_LANGUAGE_STANDARD = "gnu++17";
				CLANG_ENABLE_MODULES = YES;
				CLANG_ENABLE_OBJC_ARC = YES;
				CLANG_ENABLE_OBJC_WEAK = YES;
				CLANG_WARN_BLOCK_CAPTURE_AUTORELEASING = YES;
				CLANG_WARN_BOOL_CONVERSION = YES;
				CLANG_WARN_COMMA = YES;
				CLANG_WARN_CONSTANT_CONVERSION = YES;
				CLANG_WARN_DEPRECATED_OBJC_IMPLEMENTATIONS = YES;
				CLANG_WARN_DIRECT_OBJC_ISA_USAGE = YES_ERROR;
				CLANG_WARN_DOCUMENTATION_COMMENTS = YES;
				CLANG_WARN_EMPTY_BODY = YES;
				CLANG_WARN_ENUM_CONVERSION = YES;
				CLANG_WARN_INFINITE_RECURSION = YES;
				CLANG_WARN_INT_CONVERSION = YES;
				CLANG_WARN_NON_LITERAL_NULL_CONVERSION = YES;
				CLANG_WARN_OBJC_IMPLICIT_RETAIN_SELF = YES;
				CLANG_WARN_OBJC_LITERAL_CONVERSION = YES;
				CLANG_WARN_OBJC_ROOT_CLASS = YES_ERROR;
				CLANG_WARN_QUOTED_INCLUDE_IN_FRAMEWORK_HEADER = YES;
				CLANG_WARN_RANGE_LOOP_ANALYSIS = YES;
				CLANG_WARN_STRICT_PROTOTYPES = YES;
				CLANG_WARN_SUSPICIOUS_MOVE = YES;
				CLANG_WARN_UNGUARDED_AVAILABILITY = YES_AGGRESSIVE;
				CLANG_WARN_UNREACHABLE_CODE = YES;
				CLANG_WARN__DUPLICATE_METHOD_MATCH = YES;
				COPY_PHASE_STRIP = NO;
				DEBUG_INFORMATION_FORMAT = "dwarf-with-dsym";
				ENABLE_NS_ASSERTIONS = NO;
				ENABLE_STRICT_OBJC_MSGSEND = YES;
				GCC_C_LANGUAGE_STANDARD = gnu11;
				GCC_NO_COMMON_BLOCKS = YES;
				GCC_WARN_64_TO_32_BIT_CONVERSION = YES;
				GCC_WARN_ABOUT_RETURN_TYPE = YES_ERROR;
				GCC_WARN_UNDECLARED_SELECTOR = YES;
				GCC_WARN_UNINITIALIZED_AUTOS = YES_AGGRESSIVE;
				GCC_WARN_UNUSED_FUNCTION = YES;
				GCC_WARN_UNUSED_VARIABLE = YES;
				IPHONEOS_DEPLOYMENT_TARGET = 15.5;
				MTL_ENABLE_DEBUG_INFO = NO;
				MTL_FAST_MATH = YES;
				SDKROOT = iphoneos;
				SWIFT_COMPILATION_MODE = wholemodule;
				SWIFT_OPTIMIZATION_LEVEL = "-O";
				VALIDATE_PRODUCT = YES;
			};
			name = Release;
		};
		0FC524F228C3737E00AA9169 /* Debug */ = {
			isa = XCBuildConfiguration;
			buildSettings = {
				ASSETCATALOG_COMPILER_APPICON_NAME = AppIcon;
				ASSETCATALOG_COMPILER_GLOBAL_ACCENT_COLOR_NAME = AccentColor;
				CODE_SIGN_STYLE = Automatic;
				CURRENT_PROJECT_VERSION = 1;
				DEVELOPMENT_ASSET_PATHS = "KartlisCkhovreba/Preview\\ Content";
				ENABLE_PREVIEWS = YES;
				GENERATE_INFOPLIST_FILE = YES;
				INFOPLIST_KEY_UIApplicationSceneManifest_Generation = YES;
				INFOPLIST_KEY_UIApplicationSupportsIndirectInputEvents = YES;
				INFOPLIST_KEY_UILaunchScreen_Generation = YES;
				INFOPLIST_KEY_UISupportedInterfaceOrientations_iPad = "UIInterfaceOrientationPortrait UIInterfaceOrientationPortraitUpsideDown UIInterfaceOrientationLandscapeLeft UIInterfaceOrientationLandscapeRight";
				INFOPLIST_KEY_UISupportedInterfaceOrientations_iPhone = "UIInterfaceOrientationPortrait UIInterfaceOrientationLandscapeLeft UIInterfaceOrientationLandscapeRight";
				IPHONEOS_DEPLOYMENT_TARGET = 15.0;
				LD_RUNPATH_SEARCH_PATHS = (
					"$(inherited)",
					"@executable_path/Frameworks",
				);
				MARKETING_VERSION = 1.0;
				PRODUCT_BUNDLE_IDENTIFIER = com.gs.KartlisCkhovreba;
				PRODUCT_NAME = "$(TARGET_NAME)";
				SWIFT_EMIT_LOC_STRINGS = YES;
				SWIFT_VERSION = 5.0;
				TARGETED_DEVICE_FAMILY = "1,2";
			};
			name = Debug;
		};
		0FC524F328C3737E00AA9169 /* Release */ = {
			isa = XCBuildConfiguration;
			buildSettings = {
				ASSETCATALOG_COMPILER_APPICON_NAME = AppIcon;
				ASSETCATALOG_COMPILER_GLOBAL_ACCENT_COLOR_NAME = AccentColor;
				CODE_SIGN_STYLE = Automatic;
				CURRENT_PROJECT_VERSION = 1;
				DEVELOPMENT_ASSET_PATHS = "KartlisCkhovreba/Preview\\ Content";
				ENABLE_PREVIEWS = YES;
				GENERATE_INFOPLIST_FILE = YES;
				INFOPLIST_KEY_UIApplicationSceneManifest_Generation = YES;
				INFOPLIST_KEY_UIApplicationSupportsIndirectInputEvents = YES;
				INFOPLIST_KEY_UILaunchScreen_Generation = YES;
				INFOPLIST_KEY_UISupportedInterfaceOrientations_iPad = "UIInterfaceOrientationPortrait UIInterfaceOrientationPortraitUpsideDown UIInterfaceOrientationLandscapeLeft UIInterfaceOrientationLandscapeRight";
				INFOPLIST_KEY_UISupportedInterfaceOrientations_iPhone = "UIInterfaceOrientationPortrait UIInterfaceOrientationLandscapeLeft UIInterfaceOrientationLandscapeRight";
				IPHONEOS_DEPLOYMENT_TARGET = 15.0;
				LD_RUNPATH_SEARCH_PATHS = (
					"$(inherited)",
					"@executable_path/Frameworks",
				);
				MARKETING_VERSION = 1.0;
				PRODUCT_BUNDLE_IDENTIFIER = com.gs.KartlisCkhovreba;
				PRODUCT_NAME = "$(TARGET_NAME)";
				SWIFT_EMIT_LOC_STRINGS = YES;
				SWIFT_VERSION = 5.0;
				TARGETED_DEVICE_FAMILY = "1,2";
			};
			name = Release;
		};
/* End XCBuildConfiguration section */

/* Begin XCConfigurationList section */
		0FC524DE28C3737C00AA9169 /* Build configuration list for PBXProject "KartlisCkhovreba" */ = {
			isa = XCConfigurationList;
			buildConfigurations = (
				0FC524EF28C3737E00AA9169 /* Debug */,
				0FC524F028C3737E00AA9169 /* Release */,
			);
			defaultConfigurationIsVisible = 0;
			defaultConfigurationName = Release;
		};
		0FC524F128C3737E00AA9169 /* Build configuration list for PBXNativeTarget "KartlisCkhovreba" */ = {
			isa = XCConfigurationList;
			buildConfigurations = (
				0FC524F228C3737E00AA9169 /* Debug */,
				0FC524F328C3737E00AA9169 /* Release */,
			);
			defaultConfigurationIsVisible = 0;
			defaultConfigurationName = Release;
		};
/* End XCConfigurationList section */

/* Begin XCRemoteSwiftPackageReference section */
		0FC524F428C3751C00AA9169 /* XCRemoteSwiftPackageReference "firebase-ios-sdk" */ = {
			isa = XCRemoteSwiftPackageReference;
			repositoryURL = "https://github.com/firebase/firebase-ios-sdk.git";
			requirement = {
				branch = master;
				kind = branch;
			};
		};
/* End XCRemoteSwiftPackageReference section */

/* Begin XCSwiftPackageProductDependency section */
		0FC524F528C3751D00AA9169 /* FirebaseAnalytics */ = {
			isa = XCSwiftPackageProductDependency;
			package = 0FC524F428C3751C00AA9169 /* XCRemoteSwiftPackageReference "firebase-ios-sdk" */;
			productName = FirebaseAnalytics;
		};
		0FC524F728C3751D00AA9169 /* FirebaseFirestore */ = {
			isa = XCSwiftPackageProductDependency;
			package = 0FC524F428C3751C00AA9169 /* XCRemoteSwiftPackageReference "firebase-ios-sdk" */;
			productName = FirebaseFirestore;
		};
		0FC524F928C3751D00AA9169 /* FirebaseFirestoreSwift */ = {
			isa = XCSwiftPackageProductDependency;
			package = 0FC524F428C3751C00AA9169 /* XCRemoteSwiftPackageReference "firebase-ios-sdk" */;
			productName = FirebaseFirestoreSwift;
		};
/* End XCSwiftPackageProductDependency section */
	};
	rootObject = 0FC524DB28C3737C00AA9169 /* Project object */;
}
